github.com/davecgh/go-spew v1.1.1 h1:vj9j/u1bqnvCEfJOwUhtlOARqs3+rkHYY13jYWTU97c=
github.com/davecgh/go-spew v1.1.1/go.mod h1:J7Y8YcW2NihsgmVo/mv3lAwl/skON4iLHjSsI+c5H38=
github.com/gofika/fileutil v0.0.0-20240131101026-06f7b430e64a h1:I1wpuzL0HhjVIqc0QuJsomTzzuHuDSRoNvrXDWyDS9Y=
github.com/gofika/fileutil v0.0.0-20240131101026-06f7b430e64a/go.mod h1:1iv1d8ir1VA4s6JPGo2pccK0rEKOi/drjedmEjCvmLo=
github.com/gofika/fileutil v0.0.0-20240604055302-e4cb1b6868db h1:paTsu10AtS3Plk3jVSe51ZFG6AdBizqGyTZkrul/iKA=
github.com/gofika/fileutil v0.0.0-20240604055302-e4cb1b6868db/go.mod h1:wrhm9iePRuJKtekrUKsXHGe+F/fAFXhd5Ik24T6Du/8=
github.com/gofika/regexputil v0.0.0-20240131104326-2f03e34692bf h1:d4Ne7Bize9Scv0temnCXDnkVEng5Op6V09iMB42llYw=
github.com/gofika/regexputil v0.0.0-20240131104326-2f03e34692bf/go.mod h1:YjO232yyw1+pMF+oSsx02NWrULX/RTdS4j/6yxb2Odo=
github.com/gofika/regexputil v0.0.0-20240604070104-a95e993fd7d7 h1:EWy+ZXG92rVgTNEmfz0I1p11j760fDptIbEdoseADX0=
github.com/gofika/regexputil v0.0.0-20240604070104-a95e993fd7d7/go.mod h1:NKHxW29eLBr33hLx581w0DcTx5jGg0kN4ZZRAQAPfT0=
github.com/pmezard/go-difflib v1.0.0 h1:4DBwDE0NGyQoBHbLQYPwSUPoCMWR5BEzIk/f1lZbAQM=
github.com/pmezard/go-difflib v1.0.0/go.mod h1:iKH77koFhYxTK1pcRnkKkqfTogsbg7gZNVY4sRDYZ/4=
github.com/stretchr/testify v1.8.4 h1:CcVxjf3Q8PM0mHUKJCdn+eZZtm5yQwehR5yeSVQQcUk=
github.com/stretchr/testify v1.8.4/go.mod h1:sz/lmYIOXD/1dqDmKjjqLyZ2RngseejIcXlSw2iwfAo=
github.com/stretchr/testify v1.9.0 h1:HtqpIVDClZ4nwg75+f6Lvsy/wHu+3BoSGCbBAcpTsTg=
github.com/stretchr/testify v1.9.0/go.mod h1:r2ic/lqez/lEtzL7wO/rwa5dbSLXVDPFyf8C91i36aY=
golang.org/x/net v0.20.0 h1:aCL9BSgETF1k+blQaYUBx9hJ9LOGP3gAVemcZlf1Kpo=
golang.org/x/net v0.20.0/go.mod h1:z8BVo6PvndSri0LbOE3hAn0apkU+1YvI6E70E9jsnvY=
golang.org/x/net v0.25.0 h1:d/OCCoBEUq33pjydKrGQhw7IlUPI2Oylr+8qLx49kac=
golang.org/x/net v0.25.0/go.mod h1:JkAGAh7GEvH74S6FOH42FLoXpXbE/aqXSrIQjXgsiwM=
golang.org/x/text v0.14.0 h1:ScX5w1eTa3QqT8oi6+ziP7dTV1S2+ALU0bI+0zXKWiQ=
golang.org/x/text v0.14.0/go.mod h1:18ZOQIKpY8NJVqYksKHtTdi31H5itFRjB5/qKTNYzSU=
golang.org/x/text v0.15.0 h1:h1V/4gjBv8v9cjcR6+AR5+/cIYK5N/WAgiv4xlsEtAk=
golang.org/x/text v0.15.0/go.mod h1:18ZOQIKpY8NJVqYksKHtTdi31H5itFRjB5/qKTNYzSU=
gopkg.in/check.v1 v0.0.0-20161208181325-20d25e280405/go.mod h1:Co6ibVJAznAaIkqp8huTwlJQCZ016jof/cbN4VW5Yz0=
gopkg.in/yaml.v3 v3.0.1 h1:fxVm/GzAzEWqLHuvctI91KS9hhNmmWOoWu0XTYJS7CA=
gopkg.in/yaml.v3 v3.0.1/go.mod h1:K4uyk7z7BCEPqu6E+C64Yfv1cQ7kz7rIZviUmN+EgEM=
